
Microsoft Visual Studio Solution File, Format Version 12.00
# Visual Studio 15
Project("{FAE04EC0-301F-11D3-BF4B-00C04F79EFBC}") = "Assembly-CSharp", "Assembly-CSharp.csproj", "{C87E4C8B-D352-266E-FE86-DB7B4E2B6C49}"
EndProject
Project("{FAE04EC0-301F-11D3-BF4B-00C04F79EFBC}") = "Assembly-CSharp-Editor", "Assembly-CSharp-Editor.csproj", "{A64A178B-66FA-7E82-C01C-7326ABCFBA56}"
EndProject
Global
	GlobalSection(SolutionConfigurationPlatforms) = preSolution
		Debug|Any CPU = Debug|Any CPU
		Release|Any CPU = Release|Any CPU
	EndGlobalSection
	GlobalSection(ProjectConfigurationPlatforms) = postSolution
		{C87E4C8B-D352-266E-FE86-DB7B4E2B6C49}.Debug|Any CPU.ActiveCfg = Debug|Any CPU
		{C87E4C8B-D352-266E-FE86-DB7B4E2B6C49}.Debug|Any CPU.Build.0 = Debug|Any CPU
		{C87E4C8B-D352-266E-FE86-DB7B4E2B6C49}.Release|Any CPU.ActiveCfg = Release|Any CPU
		{C87E4C8B-D352-266E-FE86-DB7B4E2B6C49}.Release|Any CPU.Build.0 = Release|Any CPU
		{A64A178B-66FA-7E82-C01C-7326ABCFBA56}.Debug|Any CPU.ActiveCfg = Debug|Any CPU
		{A64A178B-66FA-7E82-C01C-7326ABCFBA56}.Debug|Any CPU.Build.0 = Debug|Any CPU
		{A64A178B-66FA-7E82-C01C-7326ABCFBA56}.Release|Any CPU.ActiveCfg = Release|Any CPU
		{A64A178B-66FA-7E82-C01C-7326ABCFBA56}.Release|Any CPU.Build.0 = Release|Any CPU
	EndGlobalSection
	GlobalSection(SolutionProperties) = preSolution
		HideSolutionNode = FALSE
	EndGlobalSection
EndGlobal
