
Microsoft Visual Studio Solution File, Format Version 11.00
# Visual Studio 2010
Project("{FAE04EC0-301F-11D3-BF4B-00C04F79EFBC}") = "Assembly-CSharp", "Assembly-CSharp.csproj", "{0569ABA8-06F1-DC78-3D42-4E7740AFB54F}"
EndProject
Project("{FAE04EC0-301F-11D3-BF4B-00C04F79EFBC}") = "Assembly-CSharp-Editor", "Assembly-CSharp-Editor.csproj", "{C761E87F-4DBC-02F6-0C26-5C7481168381}"
EndProject
Global
	GlobalSection(SolutionConfigurationPlatforms) = preSolution
		Debug|Any CPU = Debug|Any CPU
		Release|Any CPU = Release|Any CPU
	EndGlobalSection
	GlobalSection(ProjectConfigurationPlatforms) = postSolution
		{0569ABA8-06F1-DC78-3D42-4E7740AFB54F}.Debug|Any CPU.ActiveCfg = Debug|Any CPU
		{0569ABA8-06F1-DC78-3D42-4E7740AFB54F}.Debug|Any CPU.Build.0 = Debug|Any CPU
		{0569ABA8-06F1-DC78-3D42-4E7740AFB54F}.Release|Any CPU.ActiveCfg = Release|Any CPU
		{0569ABA8-06F1-DC78-3D42-4E7740AFB54F}.Release|Any CPU.Build.0 = Release|Any CPU
		{C761E87F-4DBC-02F6-0C26-5C7481168381}.Debug|Any CPU.ActiveCfg = Debug|Any CPU
		{C761E87F-4DBC-02F6-0C26-5C7481168381}.Debug|Any CPU.Build.0 = Debug|Any CPU
		{C761E87F-4DBC-02F6-0C26-5C7481168381}.Release|Any CPU.ActiveCfg = Release|Any CPU
		{C761E87F-4DBC-02F6-0C26-5C7481168381}.Release|Any CPU.Build.0 = Release|Any CPU
	EndGlobalSection
	GlobalSection(SolutionProperties) = preSolution
		HideSolutionNode = FALSE
	EndGlobalSection
	GlobalSection(MonoDevelopProperties) = preSolution
		StartupItem = Assembly-CSharp.csproj
	EndGlobalSection
EndGlobal
